
Microsoft Visual Studio Solution File, Format Version 12.00
# Visual Studio Version 16
VisualStudioVersion = 16.0.32901.82
MinimumVisualStudioVersion = 10.0.40219.1
Project("{FAE04EC0-301F-11D3-BF4B-00C04F79EFBC}") = "MasterMind_Start", "MasterMind_Start\MasterMind_Start.csproj", "{27475E79-730A-400B-9F55-4B46EC5245B2}"
EndProject
Global
	GlobalSection(SolutionConfigurationPlatforms) = preSolution
		Debug|Any CPU = Debug|Any CPU
		Release|Any CPU = Release|Any CPU
	EndGlobalSection
	GlobalSection(ProjectConfigurationPlatforms) = postSolution
		{27475E79-730A-400B-9F55-4B46EC5245B2}.Debug|Any CPU.ActiveCfg = Debug|Any CPU
		{27475E79-730A-400B-9F55-4B46EC5245B2}.Debug|Any CPU.Build.0 = Debug|Any CPU
		{27475E79-730A-400B-9F55-4B46EC5245B2}.Release|Any CPU.ActiveCfg = Release|Any CPU
		{27475E79-730A-400B-9F55-4B46EC5245B2}.Release|Any CPU.Build.0 = Release|Any CPU
	EndGlobalSection
	GlobalSection(SolutionProperties) = preSolution
		HideSolutionNode = FALSE
	EndGlobalSection
	GlobalSection(ExtensibilityGlobals) = postSolution
		SolutionGuid = {B1825DCB-2875-4004-87BD-94386EB510D5}
	EndGlobalSection
EndGlobal
